
Microsoft Visual Studio Solution File, Format Version 12.00
# Visual Studio Version 17
VisualStudioVersion = 17.7.34031.279
MinimumVisualStudioVersion = 10.0.40219.1
Project("{9A19103F-16F7-4668-BE54-9A1E7A4F7556}") = "Nickvision.Aura", "Nickvision.Aura\Nickvision.Aura.csproj", "{65D83673-166F-43E1-9F0D-59461E89F4FA}"
EndProject
Project("{9A19103F-16F7-4668-BE54-9A1E7A4F7556}") = "Nickvision.Aura.Tests", "Nickvision.Aura.Tests\Nickvision.Aura.Tests.csproj", "{5B6975A0-FD88-46D5-BD15-E104448B40C6}"
EndProject
Global
	GlobalSection(SolutionConfigurationPlatforms) = preSolution
		Debug|Any CPU = Debug|Any CPU
		Release|Any CPU = Release|Any CPU
	EndGlobalSection
	GlobalSection(ProjectConfigurationPlatforms) = postSolution
		{65D83673-166F-43E1-9F0D-59461E89F4FA}.Debug|Any CPU.ActiveCfg = Debug|Any CPU
		{65D83673-166F-43E1-9F0D-59461E89F4FA}.Debug|Any CPU.Build.0 = Debug|Any CPU
		{65D83673-166F-43E1-9F0D-59461E89F4FA}.Release|Any CPU.ActiveCfg = Release|Any CPU
		{65D83673-166F-43E1-9F0D-59461E89F4FA}.Release|Any CPU.Build.0 = Release|Any CPU
		{5B6975A0-FD88-46D5-BD15-E104448B40C6}.Debug|Any CPU.ActiveCfg = Debug|Any CPU
		{5B6975A0-FD88-46D5-BD15-E104448B40C6}.Debug|Any CPU.Build.0 = Debug|Any CPU
		{5B6975A0-FD88-46D5-BD15-E104448B40C6}.Release|Any CPU.ActiveCfg = Release|Any CPU
		{5B6975A0-FD88-46D5-BD15-E104448B40C6}.Release|Any CPU.Build.0 = Release|Any CPU
	EndGlobalSection
	GlobalSection(SolutionProperties) = preSolution
		HideSolutionNode = FALSE
	EndGlobalSection
	GlobalSection(ExtensibilityGlobals) = postSolution
		SolutionGuid = {A8E13F82-81F0-459A-AC4F-6DAEB9BB9F54}
	EndGlobalSection
EndGlobal
